
Microsoft Visual Studio Solution File, Format Version 12.00
# Visual Studio Version 17
VisualStudioVersion = 17.7.34031.279
MinimumVisualStudioVersion = 10.0.40219.1
Project("{FAE04EC0-301F-11D3-BF4B-00C04F79EFBC}") = "AspNetCoreIdentityApp.Web", "AspNetCoreIdentityApp.Web\AspNetCoreIdentityApp.Web.csproj", "{56FF7474-52A2-4147-95B2-01B6AC5E5FBE}"
EndProject
Global
	GlobalSection(SolutionConfigurationPlatforms) = preSolution
		Debug|Any CPU = Debug|Any CPU
		Release|Any CPU = Release|Any CPU
	EndGlobalSection
	GlobalSection(ProjectConfigurationPlatforms) = postSolution
		{56FF7474-52A2-4147-95B2-01B6AC5E5FBE}.Debug|Any CPU.ActiveCfg = Debug|Any CPU
		{56FF7474-52A2-4147-95B2-01B6AC5E5FBE}.Debug|Any CPU.Build.0 = Debug|Any CPU
		{56FF7474-52A2-4147-95B2-01B6AC5E5FBE}.Release|Any CPU.ActiveCfg = Release|Any CPU
		{56FF7474-52A2-4147-95B2-01B6AC5E5FBE}.Release|Any CPU.Build.0 = Release|Any CPU
	EndGlobalSection
	GlobalSection(SolutionProperties) = preSolution
		HideSolutionNode = FALSE
	EndGlobalSection
	GlobalSection(ExtensibilityGlobals) = postSolution
		SolutionGuid = {C0F11925-1ABE-4E76-9856-11CF9ED18B23}
	EndGlobalSection
EndGlobal
